
Microsoft Visual Studio Solution File, Format Version 12.00
# Visual Studio Version 16
VisualStudioVersion = 25.0.1706.8
MinimumVisualStudioVersion = 10.0.40219.1
Project("{FAE04EC0-301F-11D3-BF4B-00C04F79EFBC}") = "prjInheritanceShapes", "prjInheritanceShapes\prjInheritanceShapes.csproj", "{DEBC2463-8610-4320-93DA-C5532E2D0CB2}"
EndProject
Global
	GlobalSection(SolutionConfigurationPlatforms) = preSolution
		Debug|Any CPU = Debug|Any CPU
		Release|Any CPU = Release|Any CPU
	EndGlobalSection
	GlobalSection(ProjectConfigurationPlatforms) = postSolution
		{DEBC2463-8610-4320-93DA-C5532E2D0CB2}.Debug|Any CPU.ActiveCfg = Debug|Any CPU
		{DEBC2463-8610-4320-93DA-C5532E2D0CB2}.Debug|Any CPU.Build.0 = Debug|Any CPU
		{DEBC2463-8610-4320-93DA-C5532E2D0CB2}.Release|Any CPU.ActiveCfg = Release|Any CPU
		{DEBC2463-8610-4320-93DA-C5532E2D0CB2}.Release|Any CPU.Build.0 = Release|Any CPU
	EndGlobalSection
	GlobalSection(SolutionProperties) = preSolution
		HideSolutionNode = FALSE
	EndGlobalSection
	GlobalSection(ExtensibilityGlobals) = postSolution
		SolutionGuid = {2F738E39-A011-46A8-B273-28EF2868C3F4}
	EndGlobalSection
EndGlobal
