
Microsoft Visual Studio Solution File, Format Version 12.00
# Visual Studio Version 16
VisualStudioVersion = 25.0.1706.9
MinimumVisualStudioVersion = 10.0.40219.1
Project("{FAE04EC0-301F-11D3-BF4B-00C04F79EFBC}") = "HexBaron", "HexBaron\HexBaron.csproj", "{D3C92013-8F86-42E4-A7F8-128EF60881F1}"
EndProject
Global
	GlobalSection(SolutionConfigurationPlatforms) = preSolution
		Debug|Any CPU = Debug|Any CPU
		Release|Any CPU = Release|Any CPU
	EndGlobalSection
	GlobalSection(ProjectConfigurationPlatforms) = postSolution
		{D3C92013-8F86-42E4-A7F8-128EF60881F1}.Debug|Any CPU.ActiveCfg = Debug|Any CPU
		{D3C92013-8F86-42E4-A7F8-128EF60881F1}.Debug|Any CPU.Build.0 = Debug|Any CPU
		{D3C92013-8F86-42E4-A7F8-128EF60881F1}.Release|Any CPU.ActiveCfg = Release|Any CPU
		{D3C92013-8F86-42E4-A7F8-128EF60881F1}.Release|Any CPU.Build.0 = Release|Any CPU
	EndGlobalSection
	GlobalSection(SolutionProperties) = preSolution
		HideSolutionNode = FALSE
	EndGlobalSection
	GlobalSection(ExtensibilityGlobals) = postSolution
		SolutionGuid = {88BE4EFD-6681-459F-8D81-4A352494FEFE}
	EndGlobalSection
EndGlobal
